
Microsoft Visual Studio Solution File, Format Version 12.00
# Visual Studio Version 17
VisualStudioVersion = 17.9.34728.123
MinimumVisualStudioVersion = 10.0.40219.1
Project("{FAE04EC0-301F-11D3-BF4B-00C04F79EFBC}") = "MyVaccine.WebAPI", "MyVaccine.WebAPI\MyVaccine.WebAPI.csproj", "{28ED5DE9-F753-4B5B-B3AF-505EDC426B54}"
EndProject
Project("{FAE04EC0-301F-11D3-BF4B-00C04F79EFBC}") = "MyVaccine.DB", "MyVaccine.DB\MyVaccine.DB.csproj", "{73ADDB58-7C98-4F05-9C66-2C36946BC9C7}"
EndProject
Project("{FAE04EC0-301F-11D3-BF4B-00C04F79EFBC}") = "MyVaccine.Core", "MyVaccine.Core\MyVaccine.Core.csproj", "{944A4BAE-6C4B-4752-B4E4-1173E4341F3C}"
EndProject
Global
	GlobalSection(SolutionConfigurationPlatforms) = preSolution
		Debug|Any CPU = Debug|Any CPU
		Release|Any CPU = Release|Any CPU
	EndGlobalSection
	GlobalSection(ProjectConfigurationPlatforms) = postSolution
		{28ED5DE9-F753-4B5B-B3AF-505EDC426B54}.Debug|Any CPU.ActiveCfg = Debug|Any CPU
		{28ED5DE9-F753-4B5B-B3AF-505EDC426B54}.Debug|Any CPU.Build.0 = Debug|Any CPU
		{28ED5DE9-F753-4B5B-B3AF-505EDC426B54}.Release|Any CPU.ActiveCfg = Release|Any CPU
		{28ED5DE9-F753-4B5B-B3AF-505EDC426B54}.Release|Any CPU.Build.0 = Release|Any CPU
		{73ADDB58-7C98-4F05-9C66-2C36946BC9C7}.Debug|Any CPU.ActiveCfg = Debug|Any CPU
		{73ADDB58-7C98-4F05-9C66-2C36946BC9C7}.Debug|Any CPU.Build.0 = Debug|Any CPU
		{73ADDB58-7C98-4F05-9C66-2C36946BC9C7}.Release|Any CPU.ActiveCfg = Release|Any CPU
		{73ADDB58-7C98-4F05-9C66-2C36946BC9C7}.Release|Any CPU.Build.0 = Release|Any CPU
		{944A4BAE-6C4B-4752-B4E4-1173E4341F3C}.Debug|Any CPU.ActiveCfg = Debug|Any CPU
		{944A4BAE-6C4B-4752-B4E4-1173E4341F3C}.Debug|Any CPU.Build.0 = Debug|Any CPU
		{944A4BAE-6C4B-4752-B4E4-1173E4341F3C}.Release|Any CPU.ActiveCfg = Release|Any CPU
		{944A4BAE-6C4B-4752-B4E4-1173E4341F3C}.Release|Any CPU.Build.0 = Release|Any CPU
	EndGlobalSection
	GlobalSection(SolutionProperties) = preSolution
		HideSolutionNode = FALSE
	EndGlobalSection
	GlobalSection(ExtensibilityGlobals) = postSolution
		SolutionGuid = {4F93A593-EC83-4C57-9263-95A2582F5458}
	EndGlobalSection
EndGlobal
